
Microsoft Visual Studio Solution File, Format Version 12.00
# Visual Studio Version 17
VisualStudioVersion = 17.14.36221.1 d17.14
MinimumVisualStudioVersion = 10.0.40219.1
Project("{FAE04EC0-301F-11D3-BF4B-00C04F79EFBC}") = "OperationJenkinFirst", "OperationJenkinFirst\OperationJenkinFirst.csproj", "{BED35A24-4445-4201-94B9-0907972CCD1E}"
EndProject
Global
	GlobalSection(SolutionConfigurationPlatforms) = preSolution
		Debug|Any CPU = Debug|Any CPU
		Release|Any CPU = Release|Any CPU
	EndGlobalSection
	GlobalSection(ProjectConfigurationPlatforms) = postSolution
		{BED35A24-4445-4201-94B9-0907972CCD1E}.Debug|Any CPU.ActiveCfg = Debug|Any CPU
		{BED35A24-4445-4201-94B9-0907972CCD1E}.Debug|Any CPU.Build.0 = Debug|Any CPU
		{BED35A24-4445-4201-94B9-0907972CCD1E}.Release|Any CPU.ActiveCfg = Release|Any CPU
		{BED35A24-4445-4201-94B9-0907972CCD1E}.Release|Any CPU.Build.0 = Release|Any CPU
	EndGlobalSection
	GlobalSection(SolutionProperties) = preSolution
		HideSolutionNode = FALSE
	EndGlobalSection
	GlobalSection(ExtensibilityGlobals) = postSolution
		SolutionGuid = {8A20D5E8-BC43-443D-8DE1-6D8863EB4A00}
	EndGlobalSection
EndGlobal
